
Microsoft Visual Studio Solution File, Format Version 12.00
# Visual Studio Version 16
VisualStudioVersion = 16.0.30907.101
MinimumVisualStudioVersion = 10.0.40219.1
Project("{FAE04EC0-301F-11D3-BF4B-00C04F79EFBC}") = "sys-inheretance deel 2", "sys-inheretance deel 2\sys-inheretance deel 2.csproj", "{60FD04B3-D61E-4C9C-9D0D-1ABE2E9F284C}"
EndProject
Global
	GlobalSection(SolutionConfigurationPlatforms) = preSolution
		Debug|Any CPU = Debug|Any CPU
		Release|Any CPU = Release|Any CPU
	EndGlobalSection
	GlobalSection(ProjectConfigurationPlatforms) = postSolution
		{60FD04B3-D61E-4C9C-9D0D-1ABE2E9F284C}.Debug|Any CPU.ActiveCfg = Debug|Any CPU
		{60FD04B3-D61E-4C9C-9D0D-1ABE2E9F284C}.Debug|Any CPU.Build.0 = Debug|Any CPU
		{60FD04B3-D61E-4C9C-9D0D-1ABE2E9F284C}.Release|Any CPU.ActiveCfg = Release|Any CPU
		{60FD04B3-D61E-4C9C-9D0D-1ABE2E9F284C}.Release|Any CPU.Build.0 = Release|Any CPU
	EndGlobalSection
	GlobalSection(SolutionProperties) = preSolution
		HideSolutionNode = FALSE
	EndGlobalSection
	GlobalSection(ExtensibilityGlobals) = postSolution
		SolutionGuid = {9D1E7076-127F-48DF-A42F-8918278C2F30}
	EndGlobalSection
EndGlobal
